// !$*UTF8*$!
{
	archiveVersion = 1;
	classes = {
	};
	objectVersion = 46;
	objects = {

/* Begin PBXBuildFile section */
		6E260D721C8CC8E700DF4F88 /* tmTableViewCell.m in Sources */ = {isa = PBXBuildFile; fileRef = 6E260D711C8CC8E700DF4F88 /* tmTableViewCell.m */; };
		6E260D7C1C8E965300DF4F88 /* tmCounterEditVC.m in Sources */ = {isa = PBXBuildFile; fileRef = 6E260D7B1C8E965300DF4F88 /* tmCounterEditVC.m */; };
		6E260D7F1C9636F500DF4F88 /* TMTableVC-EditTallyCounter.m in Sources */ = {isa = PBXBuildFile; fileRef = 6E260D7E1C9636F500DF4F88 /* TMTableVC-EditTallyCounter.m */; };
		6E260D821C97B07800DF4F88 /* TMSecondNavigationController.m in Sources */ = {isa = PBXBuildFile; fileRef = 6E260D811C97B07800DF4F88 /* TMSecondNavigationController.m */; };
		6ECC6D1F1C8BC9CF00CF13A4 /* main.m in Sources */ = {isa = PBXBuildFile; fileRef = 6ECC6D1E1C8BC9CF00CF13A4 /* main.m */; };
		6ECC6D221C8BC9CF00CF13A4 /* AppDelegate.m in Sources */ = {isa = PBXBuildFile; fileRef = 6ECC6D211C8BC9CF00CF13A4 /* AppDelegate.m */; };
		6ECC6D281C8BC9CF00CF13A4 /* Main.storyboard in Resources */ = {isa = PBXBuildFile; fileRef = 6ECC6D261C8BC9CF00CF13A4 /* Main.storyboard */; };
		6ECC6D2B1C8BC9CF00CF13A4 /* Tallyman.xcdatamodeld in Sources */ = {isa = PBXBuildFile; fileRef = 6ECC6D291C8BC9CF00CF13A4 /* Tallyman.xcdatamodeld */; };
		6ECC6D2D1C8BC9CF00CF13A4 /* Assets.xcassets in Resources */ = {isa = PBXBuildFile; fileRef = 6ECC6D2C1C8BC9CF00CF13A4 /* Assets.xcassets */; };
		6ECC6D301C8BC9CF00CF13A4 /* LaunchScreen.storyboard in Resources */ = {isa = PBXBuildFile; fileRef = 6ECC6D2E1C8BC9CF00CF13A4 /* LaunchScreen.storyboard */; };
		6ECC6D3B1C8BD5D500CF13A4 /* TallyCounter+CoreDataProperties.m in Sources */ = {isa = PBXBuildFile; fileRef = 6ECC6D381C8BD5D500CF13A4 /* TallyCounter+CoreDataProperties.m */; };
		6ECC6D3C1C8BD5D500CF13A4 /* TallyCounter.m in Sources */ = {isa = PBXBuildFile; fileRef = 6ECC6D3A1C8BD5D500CF13A4 /* TallyCounter.m */; };
		6ECC6D3F1C8BD6F200CF13A4 /* tmNavigationController.m in Sources */ = {isa = PBXBuildFile; fileRef = 6ECC6D3E1C8BD6F200CF13A4 /* tmNavigationController.m */; };
		6ECC6D421C8BD73E00CF13A4 /* tmTableViewController.m in Sources */ = {isa = PBXBuildFile; fileRef = 6ECC6D411C8BD73E00CF13A4 /* tmTableViewController.m */; };
		6ECC6D481C8BD7B200CF13A4 /* tmCounterDetailViewController.m in Sources */ = {isa = PBXBuildFile; fileRef = 6ECC6D471C8BD7B200CF13A4 /* tmCounterDetailViewController.m */; };
/* End PBXBuildFile section */

/* Begin PBXFileReference section */
		6E260D701C8CC8E700DF4F88 /* tmTableViewCell.h */ = {isa = PBXFileReference; fileEncoding = 4; lastKnownFileType = sourcecode.c.h; path = tmTableViewCell.h; sourceTree = "<group>"; };
		6E260D711C8CC8E700DF4F88 /* tmTableViewCell.m */ = {isa = PBXFileReference; fileEncoding = 4; lastKnownFileType = sourcecode.c.objc; path = tmTableViewCell.m; sourceTree = "<group>"; };
		6E260D751C8CD25300DF4F88 /* HandlesMOC.h */ = {isa = PBXFileReference; fileEncoding = 4; lastKnownFileType = sourcecode.c.h; name = HandlesMOC.h; path = ../HandlesMOC.h; sourceTree = "<group>"; };
		6E260D761C8D320C00DF4F88 /* HandlesTallyCounterEntity.h */ = {isa = PBXFileReference; fileEncoding = 4; lastKnownFileType = sourcecode.c.h; path = HandlesTallyCounterEntity.h; sourceTree = "<group>"; };
		6E260D7A1C8E965300DF4F88 /* tmCounterEditVC.h */ = {isa = PBXFileReference; fileEncoding = 4; lastKnownFileType = sourcecode.c.h; path = tmCounterEditVC.h; sourceTree = "<group>"; };
		6E260D7B1C8E965300DF4F88 /* tmCounterEditVC.m */ = {isa = PBXFileReference; fileEncoding = 4; lastKnownFileType = sourcecode.c.objc; path = tmCounterEditVC.m; sourceTree = "<group>"; };
		6E260D7D1C9636F500DF4F88 /* TMTableVC-EditTallyCounter.h */ = {isa = PBXFileReference; fileEncoding = 4; lastKnownFileType = sourcecode.c.h; path = "TMTableVC-EditTallyCounter.h"; sourceTree = "<group>"; };
		6E260D7E1C9636F500DF4F88 /* TMTableVC-EditTallyCounter.m */ = {isa = PBXFileReference; fileEncoding = 4; lastKnownFileType = sourcecode.c.objc; path = "TMTableVC-EditTallyCounter.m"; sourceTree = "<group>"; };
		6E260D801C97B07800DF4F88 /* TMSecondNavigationController.h */ = {isa = PBXFileReference; fileEncoding = 4; lastKnownFileType = sourcecode.c.h; path = TMSecondNavigationController.h; sourceTree = "<group>"; };
		6E260D811C97B07800DF4F88 /* TMSecondNavigationController.m */ = {isa = PBXFileReference; fileEncoding = 4; lastKnownFileType = sourcecode.c.objc; path = TMSecondNavigationController.m; sourceTree = "<group>"; };
		6ECC6D1A1C8BC9CF00CF13A4 /* Tallyman.app */ = {isa = PBXFileReference; explicitFileType = wrapper.application; includeInIndex = 0; path = Tallyman.app; sourceTree = BUILT_PRODUCTS_DIR; };
		6ECC6D1E1C8BC9CF00CF13A4 /* main.m */ = {isa = PBXFileReference; lastKnownFileType = sourcecode.c.objc; path = main.m; sourceTree = "<group>"; };
		6ECC6D201C8BC9CF00CF13A4 /* AppDelegate.h */ = {isa = PBXFileReference; lastKnownFileType = sourcecode.c.h; path = AppDelegate.h; sourceTree = "<group>"; };
		6ECC6D211C8BC9CF00CF13A4 /* AppDelegate.m */ = {isa = PBXFileReference; lastKnownFileType = sourcecode.c.objc; path = AppDelegate.m; sourceTree = "<group>"; };
		6ECC6D271C8BC9CF00CF13A4 /* Base */ = {isa = PBXFileReference; lastKnownFileType = file.storyboard; name = Base; path = Base.lproj/Main.storyboard; sourceTree = "<group>"; };
		6ECC6D2A1C8BC9CF00CF13A4 /* Tallyman.xcdatamodel */ = {isa = PBXFileReference; lastKnownFileType = wrapper.xcdatamodel; path = Tallyman.xcdatamodel; sourceTree = "<group>"; };
		6ECC6D2C1C8BC9CF00CF13A4 /* Assets.xcassets */ = {isa = PBXFileReference; lastKnownFileType = folder.assetcatalog; path = Assets.xcassets; sourceTree = "<group>"; };
		6ECC6D2F1C8BC9CF00CF13A4 /* Base */ = {isa = PBXFileReference; lastKnownFileType = file.storyboard; name = Base; path = Base.lproj/LaunchScreen.storyboard; sourceTree = "<group>"; };
		6ECC6D311C8BC9CF00CF13A4 /* Info.plist */ = {isa = PBXFileReference; lastKnownFileType = text.plist.xml; path = Info.plist; sourceTree = "<group>"; };
		6ECC6D371C8BD5D500CF13A4 /* TallyCounter+CoreDataProperties.h */ = {isa = PBXFileReference; fileEncoding = 4; lastKnownFileType = sourcecode.c.h; path = "TallyCounter+CoreDataProperties.h"; sourceTree = "<group>"; };
		6ECC6D381C8BD5D500CF13A4 /* TallyCounter+CoreDataProperties.m */ = {isa = PBXFileReference; fileEncoding = 4; lastKnownFileType = sourcecode.c.objc; path = "TallyCounter+CoreDataProperties.m"; sourceTree = "<group>"; };
		6ECC6D391C8BD5D500CF13A4 /* TallyCounter.h */ = {isa = PBXFileReference; fileEncoding = 4; lastKnownFileType = sourcecode.c.h; path = TallyCounter.h; sourceTree = "<group>"; };
		6ECC6D3A1C8BD5D500CF13A4 /* TallyCounter.m */ = {isa = PBXFileReference; fileEncoding = 4; lastKnownFileType = sourcecode.c.objc; path = TallyCounter.m; sourceTree = "<group>"; };
		6ECC6D3D1C8BD6F200CF13A4 /* tmNavigationController.h */ = {isa = PBXFileReference; fileEncoding = 4; lastKnownFileType = sourcecode.c.h; name = tmNavigationController.h; path = ../tmNavigationController.h; sourceTree = "<group>"; };
		6ECC6D3E1C8BD6F200CF13A4 /* tmNavigationController.m */ = {isa = PBXFileReference; fileEncoding = 4; lastKnownFileType = sourcecode.c.objc; name = tmNavigationController.m; path = ../tmNavigationController.m; sourceTree = "<group>"; };
		6ECC6D401C8BD73E00CF13A4 /* tmTableViewController.h */ = {isa = PBXFileReference; fileEncoding = 4; lastKnownFileType = sourcecode.c.h; path = tmTableViewController.h; sourceTree = "<group>"; };
		6ECC6D411C8BD73E00CF13A4 /* tmTableViewController.m */ = {isa = PBXFileReference; fileEncoding = 4; lastKnownFileType = sourcecode.c.objc; path = tmTableViewController.m; sourceTree = "<group>"; };
		6ECC6D461C8BD7B200CF13A4 /* tmCounterDetailViewController.h */ = {isa = PBXFileReference; fileEncoding = 4; lastKnownFileType = sourcecode.c.h; path = tmCounterDetailViewController.h; sourceTree = "<group>"; };
		6ECC6D471C8BD7B200CF13A4 /* tmCounterDetailViewController.m */ = {isa = PBXFileReference; fileEncoding = 4; lastKnownFileType = sourcecode.c.objc; path = tmCounterDetailViewController.m; sourceTree = "<group>"; };
/* End PBXFileReference section */

/* Begin PBXFrameworksBuildPhase section */
		6ECC6D171C8BC9CF00CF13A4 /* Frameworks */ = {
			isa = PBXFrameworksBuildPhase;
			buildActionMask = 2147483647;
			files = (
			);
			runOnlyForDeploymentPostprocessing = 0;
		};
/* End PBXFrameworksBuildPhase section */

/* Begin PBXGroup section */
		6ECC6D111C8BC9CF00CF13A4 = {
			isa = PBXGroup;
			children = (
				6ECC6D371C8BD5D500CF13A4 /* TallyCounter+CoreDataProperties.h */,
				6ECC6D381C8BD5D500CF13A4 /* TallyCounter+CoreDataProperties.m */,
				6ECC6D391C8BD5D500CF13A4 /* TallyCounter.h */,
				6ECC6D3A1C8BD5D500CF13A4 /* TallyCounter.m */,
				6ECC6D1C1C8BC9CF00CF13A4 /* Tallyman */,
				6ECC6D1B1C8BC9CF00CF13A4 /* Products */,
			);
			sourceTree = "<group>";
		};
		6ECC6D1B1C8BC9CF00CF13A4 /* Products */ = {
			isa = PBXGroup;
			children = (
				6ECC6D1A1C8BC9CF00CF13A4 /* Tallyman.app */,
			);
			name = Products;
			sourceTree = "<group>";
		};
		6ECC6D1C1C8BC9CF00CF13A4 /* Tallyman */ = {
			isa = PBXGroup;
			children = (
				6ECC6D201C8BC9CF00CF13A4 /* AppDelegate.h */,
				6ECC6D211C8BC9CF00CF13A4 /* AppDelegate.m */,
				6ECC6D3D1C8BD6F200CF13A4 /* tmNavigationController.h */,
				6ECC6D3E1C8BD6F200CF13A4 /* tmNavigationController.m */,
				6ECC6D401C8BD73E00CF13A4 /* tmTableViewController.h */,
				6ECC6D411C8BD73E00CF13A4 /* tmTableViewController.m */,
				6E260D701C8CC8E700DF4F88 /* tmTableViewCell.h */,
				6E260D711C8CC8E700DF4F88 /* tmTableViewCell.m */,
				6E260D801C97B07800DF4F88 /* TMSecondNavigationController.h */,
				6E260D811C97B07800DF4F88 /* TMSecondNavigationController.m */,
				6E260D7D1C9636F500DF4F88 /* TMTableVC-EditTallyCounter.h */,
				6E260D7E1C9636F500DF4F88 /* TMTableVC-EditTallyCounter.m */,
				6E260D7A1C8E965300DF4F88 /* tmCounterEditVC.h */,
				6E260D7B1C8E965300DF4F88 /* tmCounterEditVC.m */,
				6ECC6D461C8BD7B200CF13A4 /* tmCounterDetailViewController.h */,
				6ECC6D471C8BD7B200CF13A4 /* tmCounterDetailViewController.m */,
				6E260D751C8CD25300DF4F88 /* HandlesMOC.h */,
				6E260D761C8D320C00DF4F88 /* HandlesTallyCounterEntity.h */,
				6ECC6D261C8BC9CF00CF13A4 /* Main.storyboard */,
				6ECC6D2C1C8BC9CF00CF13A4 /* Assets.xcassets */,
				6ECC6D2E1C8BC9CF00CF13A4 /* LaunchScreen.storyboard */,
				6ECC6D311C8BC9CF00CF13A4 /* Info.plist */,
				6ECC6D291C8BC9CF00CF13A4 /* Tallyman.xcdatamodeld */,
				6ECC6D1D1C8BC9CF00CF13A4 /* Supporting Files */,
			);
			path = Tallyman;
			sourceTree = "<group>";
		};
		6ECC6D1D1C8BC9CF00CF13A4 /* Supporting Files */ = {
			isa = PBXGroup;
			children = (
				6ECC6D1E1C8BC9CF00CF13A4 /* main.m */,
			);
			name = "Supporting Files";
			sourceTree = "<group>";
		};
/* End PBXGroup section */

/* Begin PBXNativeTarget section */
		6ECC6D191C8BC9CF00CF13A4 /* Tallyman */ = {
			isa = PBXNativeTarget;
			buildConfigurationList = 6ECC6D341C8BC9CF00CF13A4 /* Build configuration list for PBXNativeTarget "Tallyman" */;
			buildPhases = (
				6ECC6D161C8BC9CF00CF13A4 /* Sources */,
				6ECC6D171C8BC9CF00CF13A4 /* Frameworks */,
				6ECC6D181C8BC9CF00CF13A4 /* Resources */,
			);
			buildRules = (
			);
			dependencies = (
			);
			name = Tallyman;
			productName = Tallyman;
			productReference = 6ECC6D1A1C8BC9CF00CF13A4 /* Tallyman.app */;
			productType = "com.apple.product-type.application";
		};
/* End PBXNativeTarget section */

/* Begin PBXProject section */
		6ECC6D121C8BC9CF00CF13A4 /* Project object */ = {
			isa = PBXProject;
			attributes = {
				LastUpgradeCheck = 0710;
				ORGANIZATIONNAME = "Casey Wrd";
				TargetAttributes = {
					6ECC6D191C8BC9CF00CF13A4 = {
						CreatedOnToolsVersion = 7.1;
					};
				};
			};
			buildConfigurationList = 6ECC6D151C8BC9CF00CF13A4 /* Build configuration list for PBXProject "Tallyman" */;
			compatibilityVersion = "Xcode 3.2";
			developmentRegion = English;
			hasScannedForEncodings = 0;
			knownRegions = (
				en,
				Base,
			);
			mainGroup = 6ECC6D111C8BC9CF00CF13A4;
			productRefGroup = 6ECC6D1B1C8BC9CF00CF13A4 /* Products */;
			projectDirPath = "";
			projectRoot = "";
			targets = (
				6ECC6D191C8BC9CF00CF13A4 /* Tallyman */,
			);
		};
/* End PBXProject section */

/* Begin PBXResourcesBuildPhase section */
		6ECC6D181C8BC9CF00CF13A4 /* Resources */ = {
			isa = PBXResourcesBuildPhase;
			buildActionMask = 2147483647;
			files = (
				6ECC6D301C8BC9CF00CF13A4 /* LaunchScreen.storyboard in Resources */,
				6ECC6D2D1C8BC9CF00CF13A4 /* Assets.xcassets in Resources */,
				6ECC6D281C8BC9CF00CF13A4 /* Main.storyboard in Resources */,
			);
			runOnlyForDeploymentPostprocessing = 0;
		};
/* End PBXResourcesBuildPhase section */

/* Begin PBXSourcesBuildPhase section */
		6ECC6D161C8BC9CF00CF13A4 /* Sources */ = {
			isa = PBXSourcesBuildPhase;
			buildActionMask = 2147483647;
			files = (
				6ECC6D221C8BC9CF00CF13A4 /* AppDelegate.m in Sources */,
				6ECC6D1F1C8BC9CF00CF13A4 /* main.m in Sources */,
				6ECC6D3F1C8BD6F200CF13A4 /* tmNavigationController.m in Sources */,
				6ECC6D421C8BD73E00CF13A4 /* tmTableViewController.m in Sources */,
				6E260D7C1C8E965300DF4F88 /* tmCounterEditVC.m in Sources */,
				6ECC6D3C1C8BD5D500CF13A4 /* TallyCounter.m in Sources */,
				6E260D821C97B07800DF4F88 /* TMSecondNavigationController.m in Sources */,
				6ECC6D481C8BD7B200CF13A4 /* tmCounterDetailViewController.m in Sources */,
				6ECC6D2B1C8BC9CF00CF13A4 /* Tallyman.xcdatamodeld in Sources */,
				6E260D721C8CC8E700DF4F88 /* tmTableViewCell.m in Sources */,
				6E260D7F1C9636F500DF4F88 /* TMTableVC-EditTallyCounter.m in Sources */,
				6ECC6D3B1C8BD5D500CF13A4 /* TallyCounter+CoreDataProperties.m in Sources */,
			);
			runOnlyForDeploymentPostprocessing = 0;
		};
/* End PBXSourcesBuildPhase section */

/* Begin PBXVariantGroup section */
		6ECC6D261C8BC9CF00CF13A4 /* Main.storyboard */ = {
			isa = PBXVariantGroup;
			children = (
				6ECC6D271C8BC9CF00CF13A4 /* Base */,
			);
			name = Main.storyboard;
			sourceTree = "<group>";
		};
		6ECC6D2E1C8BC9CF00CF13A4 /* LaunchScreen.storyboard */ = {
			isa = PBXVariantGroup;
			children = (
				6ECC6D2F1C8BC9CF00CF13A4 /* Base */,
			);
			name = LaunchScreen.storyboard;
			sourceTree = "<group>";
		};
/* End PBXVariantGroup section */

/* Begin XCBuildConfiguration section */
		6ECC6D321C8BC9CF00CF13A4 /* Debug */ = {
			isa = XCBuildConfiguration;
			buildSettings = {
				ALWAYS_SEARCH_USER_PATHS = NO;
				CLANG_CXX_LANGUAGE_STANDARD = "gnu++0x";
				CLANG_CXX_LIBRARY = "libc++";
				CLANG_ENABLE_MODULES = YES;
				CLANG_ENABLE_OBJC_ARC = YES;
				CLANG_WARN_BOOL_CONVERSION = YES;
				CLANG_WARN_CONSTANT_CONVERSION = YES;
				CLANG_WARN_DIRECT_OBJC_ISA_USAGE = YES_ERROR;
				CLANG_WARN_EMPTY_BODY = YES;
				CLANG_WARN_ENUM_CONVERSION = YES;
				CLANG_WARN_INT_CONVERSION = YES;
				CLANG_WARN_OBJC_ROOT_CLASS = YES_ERROR;
				CLANG_WARN_UNREACHABLE_CODE = YES;
				CLANG_WARN__DUPLICATE_METHOD_MATCH = YES;
				"CODE_SIGN_IDENTITY[sdk=iphoneos*]" = "iPhone Developer";
				COPY_PHASE_STRIP = NO;
				DEBUG_INFORMATION_FORMAT = dwarf;
				ENABLE_STRICT_OBJC_MSGSEND = YES;
				ENABLE_TESTABILITY = YES;
				GCC_C_LANGUAGE_STANDARD = gnu99;
				GCC_DYNAMIC_NO_PIC = NO;
				GCC_NO_COMMON_BLOCKS = YES;
				GCC_OPTIMIZATION_LEVEL = 0;
				GCC_PREPROCESSOR_DEFINITIONS = (
					"DEBUG=1",
					"$(inherited)",
				);
				GCC_WARN_64_TO_32_BIT_CONVERSION = YES;
				GCC_WARN_ABOUT_RETURN_TYPE = YES_ERROR;
				GCC_WARN_UNDECLARED_SELECTOR = YES;
				GCC_WARN_UNINITIALIZED_AUTOS = YES_AGGRESSIVE;
				GCC_WARN_UNUSED_FUNCTION = YES;
				GCC_WARN_UNUSED_VARIABLE = YES;
				IPHONEOS_DEPLOYMENT_TARGET = 9.1;
				MTL_ENABLE_DEBUG_INFO = YES;
				ONLY_ACTIVE_ARCH = YES;
				SDKROOT = iphoneos;
				TARGETED_DEVICE_FAMILY = "1,2";
			};
			name = Debug;
		};
		6ECC6D331C8BC9CF00CF13A4 /* Release */ = {
			isa = XCBuildConfiguration;
			buildSettings = {
				ALWAYS_SEARCH_USER_PATHS = NO;
				CLANG_CXX_LANGUAGE_STANDARD = "gnu++0x";
				CLANG_CXX_LIBRARY = "libc++";
				CLANG_ENABLE_MODULES = YES;
				CLANG_ENABLE_OBJC_ARC = YES;
				CLANG_WARN_BOOL_CONVERSION = YES;
				CLANG_WARN_CONSTANT_CONVERSION = YES;
				CLANG_WARN_DIRECT_OBJC_ISA_USAGE = YES_ERROR;
				CLANG_WARN_EMPTY_BODY = YES;
				CLANG_WARN_ENUM_CONVERSION = YES;
				CLANG_WARN_INT_CONVERSION = YES;
				CLANG_WARN_OBJC_ROOT_CLASS = YES_ERROR;
				CLANG_WARN_UNREACHABLE_CODE = YES;
				CLANG_WARN__DUPLICATE_METHOD_MATCH = YES;
				"CODE_SIGN_IDENTITY[sdk=iphoneos*]" = "iPhone Developer";
				COPY_PHASE_STRIP = NO;
				DEBUG_INFORMATION_FORMAT = "dwarf-with-dsym";
				ENABLE_NS_ASSERTIONS = NO;
				ENABLE_STRICT_OBJC_MSGSEND = YES;
				GCC_C_LANGUAGE_STANDARD = gnu99;
				GCC_NO_COMMON_BLOCKS = YES;
				GCC_WARN_64_TO_32_BIT_CONVERSION = YES;
				GCC_WARN_ABOUT_RETURN_TYPE = YES_ERROR;
				GCC_WARN_UNDECLARED_SELECTOR = YES;
				GCC_WARN_UNINITIALIZED_AUTOS = YES_AGGRESSIVE;
				GCC_WARN_UNUSED_FUNCTION = YES;
				GCC_WARN_UNUSED_VARIABLE = YES;
				IPHONEOS_DEPLOYMENT_TARGET = 9.1;
				MTL_ENABLE_DEBUG_INFO = NO;
				SDKROOT = iphoneos;
				TARGETED_DEVICE_FAMILY = "1,2";
				VALIDATE_PRODUCT = YES;
			};
			name = Release;
		};
		6ECC6D351C8BC9CF00CF13A4 /* Debug */ = {
			isa = XCBuildConfiguration;
			buildSettings = {
				ASSETCATALOG_COMPILER_APPICON_NAME = AppIcon;
				INFOPLIST_FILE = Tallyman/Info.plist;
				LD_RUNPATH_SEARCH_PATHS = "$(inherited) @executable_path/Frameworks";
				PRODUCT_BUNDLE_IDENTIFIER = com.caseywrd.Tallyman;
				PRODUCT_NAME = "$(TARGET_NAME)";
			};
			name = Debug;
		};
		6ECC6D361C8BC9CF00CF13A4 /* Release */ = {
			isa = XCBuildConfiguration;
			buildSettings = {
				ASSETCATALOG_COMPILER_APPICON_NAME = AppIcon;
				INFOPLIST_FILE = Tallyman/Info.plist;
				LD_RUNPATH_SEARCH_PATHS = "$(inherited) @executable_path/Frameworks";
				PRODUCT_BUNDLE_IDENTIFIER = com.caseywrd.Tallyman;
				PRODUCT_NAME = "$(TARGET_NAME)";
			};
			name = Release;
		};
/* End XCBuildConfiguration section */

/* Begin XCConfigurationList section */
		6ECC6D151C8BC9CF00CF13A4 /* Build configuration list for PBXProject "Tallyman" */ = {
			isa = XCConfigurationList;
			buildConfigurations = (
				6ECC6D321C8BC9CF00CF13A4 /* Debug */,
				6ECC6D331C8BC9CF00CF13A4 /* Release */,
			);
			defaultConfigurationIsVisible = 0;
			defaultConfigurationName = Release;
		};
		6ECC6D341C8BC9CF00CF13A4 /* Build configuration list for PBXNativeTarget "Tallyman" */ = {
			isa = XCConfigurationList;
			buildConfigurations = (
				6ECC6D351C8BC9CF00CF13A4 /* Debug */,
				6ECC6D361C8BC9CF00CF13A4 /* Release */,
			);
			defaultConfigurationIsVisible = 0;
			defaultConfigurationName = Release;
		};
/* End XCConfigurationList section */

/* Begin XCVersionGroup section */
		6ECC6D291C8BC9CF00CF13A4 /* Tallyman.xcdatamodeld */ = {
			isa = XCVersionGroup;
			children = (
				6ECC6D2A1C8BC9CF00CF13A4 /* Tallyman.xcdatamodel */,
			);
			currentVersion = 6ECC6D2A1C8BC9CF00CF13A4 /* Tallyman.xcdatamodel */;
			path = Tallyman.xcdatamodeld;
			sourceTree = "<group>";
			versionGroupType = wrapper.xcdatamodel;
		};
/* End XCVersionGroup section */
	};
	rootObject = 6ECC6D121C8BC9CF00CF13A4 /* Project object */;
}
